// !$*UTF8*$!
{
	archiveVersion = 1;
	classes = {
	};
	objectVersion = 77;
	objects = {

/* Begin PBXContainerItemProxy section */
		9EA1251F2F92F3E800B964EF /* PBXContainerItemProxy */ = {
			isa = PBXContainerItemProxy;
			containerPortal = 9EA125062F92F3E600B964EF /* Project object */;
			proxyType = 1;
			remoteGlobalIDString = 9EA1250D2F92F3E600B964EF;
			remoteInfo = SummerOlympics;
		};
		9EA125292F92F3E800B964EF /* PBXContainerItemProxy */ = {
			isa = PBXContainerItemProxy;
			containerPortal = 9EA125062F92F3E600B964EF /* Project object */;
			proxyType = 1;
			remoteGlobalIDString = 9EA1250D2F92F3E600B964EF;
			remoteInfo = SummerOlympics;
		};
/* End PBXContainerItemProxy section */

/* Begin PBXFileReference section */
		9EA1250E2F92F3E600B964EF /* SummerOlympics.app */ = {isa = PBXFileReference; explicitFileType = wrapper.application; includeInIndex = 0; path = SummerOlympics.app; sourceTree = BUILT_PRODUCTS_DIR; };
		9EA1251E2F92F3E800B964EF /* SummerOlympicsTests.xctest */ = {isa = PBXFileReference; explicitFileType = wrapper.cfbundle; includeInIndex = 0; path = SummerOlympicsTests.xctest; sourceTree = BUILT_PRODUCTS_DIR; };
		9EA125282F92F3E800B964EF /* SummerOlympicsUITests.xctest */ = {isa = PBXFileReference; explicitFileType = wrapper.cfbundle; includeInIndex = 0; path = SummerOlympicsUITests.xctest; sourceTree = BUILT_PRODUCTS_DIR; };
/* End PBXFileReference section */

/* Begin PBXFileSystemSynchronizedBuildFileExceptionSet section */
		9EA1253C2F92F6A600B964EF /* Exceptions for "SummerOlympics" folder in "SummerOlympics" target */ = {
			isa = PBXFileSystemSynchronizedBuildFileExceptionSet;
			membershipExceptions = (
				Info.plist,
			);
			target = 9EA1250D2F92F3E600B964EF /* SummerOlympics */;
		};
/* End PBXFileSystemSynchronizedBuildFileExceptionSet section */

/* Begin PBXFileSystemSynchronizedRootGroup section */
		9EA125102F92F3E600B964EF /* SummerOlympics */ = {
			isa = PBXFileSystemSynchronizedRootGroup;
			exceptions = (
				9EA1253C2F92F6A600B964EF /* Exceptions for "SummerOlympics" folder in "SummerOlympics" target */,
			);
			path = SummerOlympics;
			sourceTree = "<group>";
		};
		9EA125212F92F3E800B964EF /* SummerOlympicsTests */ = {
			isa = PBXFileSystemSynchronizedRootGroup;
			path = SummerOlympicsTests;
			sourceTree = "<group>";
		};
		9EA1252B2F92F3E800B964EF /* SummerOlympicsUITests */ = {
			isa = PBXFileSystemSynchronizedRootGroup;
			path = SummerOlympicsUITests;
			sourceTree = "<group>";
		};
/* End PBXFileSystemSynchronizedRootGroup section */

/* Begin PBXFrameworksBuildPhase section */
		9EA1250B2F92F3E600B964EF /* Frameworks */ = {
			isa = PBXFrameworksBuildPhase;
			buildActionMask = 2147483647;
			files = (
			);
			runOnlyForDeploymentPostprocessing = 0;
		};
		9EA1251B2F92F3E800B964EF /* Frameworks */ = {
			isa = PBXFrameworksBuildPhase;
			buildActionMask = 2147483647;
			files = (
			);
			runOnlyForDeploymentPostprocessing = 0;
		};
		9EA125252F92F3E800B964EF /* Frameworks */ = {
			isa = PBXFrameworksBuildPhase;
			buildActionMask = 2147483647;
			files = (
			);
			runOnlyForDeploymentPostprocessing = 0;
		};
/* End PBXFrameworksBuildPhase section */

/* Begin PBXGroup section */
		9EA125052F92F3E600B964EF = {
			isa = PBXGroup;
			children = (
				9EA125102F92F3E600B964EF /* SummerOlympics */,
				9EA125212F92F3E800B964EF /* SummerOlympicsTests */,
				9EA1252B2F92F3E800B964EF /* SummerOlympicsUITests */,
				9EA1250F2F92F3E600B964EF /* Products */,
			);
			sourceTree = "<group>";
		};
		9EA1250F2F92F3E600B964EF /* Products */ = {
			isa = PBXGroup;
			children = (
				9EA1250E2F92F3E600B964EF /* SummerOlympics.app */,
				9EA1251E2F92F3E800B964EF /* SummerOlympicsTests.xctest */,
				9EA125282F92F3E800B964EF /* SummerOlympicsUITests.xctest */,
			);
			name = Products;
			sourceTree = "<group>";
		};
/* End PBXGroup section */

/* Begin PBXNativeTarget section */
		9EA1250D2F92F3E600B964EF /* SummerOlympics */ = {
			isa = PBXNativeTarget;
			buildConfigurationList = 9EA125322F92F3E800B964EF /* Build configuration list for PBXNativeTarget "SummerOlympics" */;
			buildPhases = (
				9EA1250A2F92F3E600B964EF /* Sources */,
				9EA1250B2F92F3E600B964EF /* Frameworks */,
				9EA1250C2F92F3E600B964EF /* Resources */,
			);
			buildRules = (
			);
			dependencies = (
			);
			fileSystemSynchronizedGroups = (
				9EA125102F92F3E600B964EF /* SummerOlympics */,
			);
			name = SummerOlympics;
			packageProductDependencies = (
			);
			productName = SummerOlympics;
			productReference = 9EA1250E2F92F3E600B964EF /* SummerOlympics.app */;
			productType = "com.apple.product-type.application";
		};
		9EA1251D2F92F3E800B964EF /* SummerOlympicsTests */ = {
			isa = PBXNativeTarget;
			buildConfigurationList = 9EA125352F92F3E800B964EF /* Build configuration list for PBXNativeTarget "SummerOlympicsTests" */;
			buildPhases = (
				9EA1251A2F92F3E800B964EF /* Sources */,
				9EA1251B2F92F3E800B964EF /* Frameworks */,
				9EA1251C2F92F3E800B964EF /* Resources */,
			);
			buildRules = (
			);
			dependencies = (
				9EA125202F92F3E800B964EF /* PBXTargetDependency */,
			);
			fileSystemSynchronizedGroups = (
				9EA125212F92F3E800B964EF /* SummerOlympicsTests */,
			);
			name = SummerOlympicsTests;
			packageProductDependencies = (
			);
			productName = SummerOlympicsTests;
			productReference = 9EA1251E2F92F3E800B964EF /* SummerOlympicsTests.xctest */;
			productType = "com.apple.product-type.bundle.unit-test";
		};
		9EA125272F92F3E800B964EF /* SummerOlympicsUITests */ = {
			isa = PBXNativeTarget;
			buildConfigurationList = 9EA125382F92F3E800B964EF /* Build configuration list for PBXNativeTarget "SummerOlympicsUITests" */;
			buildPhases = (
				9EA125242F92F3E800B964EF /* Sources */,
				9EA125252F92F3E800B964EF /* Frameworks */,
				9EA125262F92F3E800B964EF /* Resources */,
			);
			buildRules = (
			);
			dependencies = (
				9EA1252A2F92F3E800B964EF /* PBXTargetDependency */,
			);
			fileSystemSynchronizedGroups = (
				9EA1252B2F92F3E800B964EF /* SummerOlympicsUITests */,
			);
			name = SummerOlympicsUITests;
			packageProductDependencies = (
			);
			productName = SummerOlympicsUITests;
			productReference = 9EA125282F92F3E800B964EF /* SummerOlympicsUITests.xctest */;
			productType = "com.apple.product-type.bundle.ui-testing";
		};
/* End PBXNativeTarget section */

/* Begin PBXProject section */
		9EA125062F92F3E600B964EF /* Project object */ = {
			isa = PBXProject;
			attributes = {
				BuildIndependentTargetsInParallel = 1;
				LastSwiftUpdateCheck = 1620;
				LastUpgradeCheck = 1620;
				TargetAttributes = {
					9EA1250D2F92F3E600B964EF = {
						CreatedOnToolsVersion = 16.2;
					};
					9EA1251D2F92F3E800B964EF = {
						CreatedOnToolsVersion = 16.2;
						TestTargetID = 9EA1250D2F92F3E600B964EF;
					};
					9EA125272F92F3E800B964EF = {
						CreatedOnToolsVersion = 16.2;
						TestTargetID = 9EA1250D2F92F3E600B964EF;
					};
				};
			};
			buildConfigurationList = 9EA125092F92F3E600B964EF /* Build configuration list for PBXProject "SummerOlympics" */;
			developmentRegion = en;
			hasScannedForEncodings = 0;
			knownRegions = (
				en,
				Base,
			);
			mainGroup = 9EA125052F92F3E600B964EF;
			minimizedProjectReferenceProxies = 1;
			preferredProjectObjectVersion = 77;
			productRefGroup = 9EA1250F2F92F3E600B964EF /* Products */;
			projectDirPath = "";
			projectRoot = "";
			targets = (
				9EA1250D2F92F3E600B964EF /* SummerOlympics */,
				9EA1251D2F92F3E800B964EF /* SummerOlympicsTests */,
				9EA125272F92F3E800B964EF /* SummerOlympicsUITests */,
			);
		};
/* End PBXProject section */

/* Begin PBXResourcesBuildPhase section */
		9EA1250C2F92F3E600B964EF /* Resources */ = {
			isa = PBXResourcesBuildPhase;
			buildActionMask = 2147483647;
			files = (
			);
			runOnlyForDeploymentPostprocessing = 0;
		};
		9EA1251C2F92F3E800B964EF /* Resources */ = {
			isa = PBXResourcesBuildPhase;
			buildActionMask = 2147483647;
			files = (
			);
			runOnlyForDeploymentPostprocessing = 0;
		};
		9EA125262F92F3E800B964EF /* Resources */ = {
			isa = PBXResourcesBuildPhase;
			buildActionMask = 2147483647;
			files = (
			);
			runOnlyForDeploymentPostprocessing = 0;
		};
/* End PBXResourcesBuildPhase section */

/* Begin PBXSourcesBuildPhase section */
		9EA1250A2F92F3E600B964EF /* Sources */ = {
			isa = PBXSourcesBuildPhase;
			buildActionMask = 2147483647;
			files = (
			);
			runOnlyForDeploymentPostprocessing = 0;
		};
		9EA1251A2F92F3E800B964EF /* Sources */ = {
			isa = PBXSourcesBuildPhase;
			buildActionMask = 2147483647;
			files = (
			);
			runOnlyForDeploymentPostprocessing = 0;
		};
		9EA125242F92F3E800B964EF /* Sources */ = {
			isa = PBXSourcesBuildPhase;
			buildActionMask = 2147483647;
			files = (
			);
			runOnlyForDeploymentPostprocessing = 0;
		};
/* End PBXSourcesBuildPhase section */

/* Begin PBXTargetDependency section */
		9EA125202F92F3E800B964EF /* PBXTargetDependency */ = {
			isa = PBXTargetDependency;
			target = 9EA1250D2F92F3E600B964EF /* SummerOlympics */;
			targetProxy = 9EA1251F2F92F3E800B964EF /* PBXContainerItemProxy */;
		};
		9EA1252A2F92F3E800B964EF /* PBXTargetDependency */ = {
			isa = PBXTargetDependency;
			target = 9EA1250D2F92F3E600B964EF /* SummerOlympics */;
			targetProxy = 9EA125292F92F3E800B964EF /* PBXContainerItemProxy */;
		};
/* End PBXTargetDependency section */

/* Begin XCBuildConfiguration section */
		9EA125302F92F3E800B964EF /* Debug */ = {
			isa = XCBuildConfiguration;
			buildSettings = {
				ALWAYS_SEARCH_USER_PATHS = NO;
				ASSETCATALOG_COMPILER_GENERATE_SWIFT_ASSET_SYMBOL_EXTENSIONS = YES;
				CLANG_ANALYZER_NONNULL = YES;
				CLANG_ANALYZER_NUMBER_OBJECT_CONVERSION = YES_AGGRESSIVE;
				CLANG_CXX_LANGUAGE_STANDARD = "gnu++20";
				CLANG_ENABLE_MODULES = YES;
				CLANG_ENABLE_OBJC_ARC = YES;
				CLANG_ENABLE_OBJC_WEAK = YES;
				CLANG_WARN_BLOCK_CAPTURE_AUTORELEASING = YES;
				CLANG_WARN_BOOL_CONVERSION = YES;
				CLANG_WARN_COMMA = YES;
				CLANG_WARN_CONSTANT_CONVERSION = YES;
				CLANG_WARN_DEPRECATED_OBJC_IMPLEMENTATIONS = YES;
				CLANG_WARN_DIRECT_OBJC_ISA_USAGE = YES_ERROR;
				CLANG_WARN_DOCUMENTATION_COMMENTS = YES;
				CLANG_WARN_EMPTY_BODY = YES;
				CLANG_WARN_ENUM_CONVERSION = YES;
				CLANG_WARN_INFINITE_RECURSION = YES;
				CLANG_WARN_INT_CONVERSION = YES;
				CLANG_WARN_NON_LITERAL_NULL_CONVERSION = YES;
				CLANG_WARN_OBJC_IMPLICIT_RETAIN_SELF = YES;
				CLANG_WARN_OBJC_LITERAL_CONVERSION = YES;
				CLANG_WARN_OBJC_ROOT_CLASS = YES_ERROR;
				CLANG_WARN_QUOTED_INCLUDE_IN_FRAMEWORK_HEADER = YES;
				CLANG_WARN_RANGE_LOOP_ANALYSIS = YES;
				CLANG_WARN_STRICT_PROTOTYPES = YES;
				CLANG_WARN_SUSPICIOUS_MOVE = YES;
				CLANG_WARN_UNGUARDED_AVAILABILITY = YES_AGGRESSIVE;
				CLANG_WARN_UNREACHABLE_CODE = YES;
				CLANG_WARN__DUPLICATE_METHOD_MATCH = YES;
				COPY_PHASE_STRIP = NO;
				DEBUG_INFORMATION_FORMAT = dwarf;
				ENABLE_STRICT_OBJC_MSGSEND = YES;
				ENABLE_TESTABILITY = YES;
				ENABLE_USER_SCRIPT_SANDBOXING = YES;
				GCC_C_LANGUAGE_STANDARD = gnu17;
				GCC_DYNAMIC_NO_PIC = NO;
				GCC_NO_COMMON_BLOCKS = YES;
				GCC_OPTIMIZATION_LEVEL = 0;
				GCC_PREPROCESSOR_DEFINITIONS = (
					"DEBUG=1",
					"$(inherited)",
				);
				GCC_WARN_64_TO_32_BIT_CONVERSION = YES;
				GCC_WARN_ABOUT_RETURN_TYPE = YES_ERROR;
				GCC_WARN_UNDECLARED_SELECTOR = YES;
				GCC_WARN_UNINITIALIZED_AUTOS = YES_AGGRESSIVE;
				GCC_WARN_UNUSED_FUNCTION = YES;
				GCC_WARN_UNUSED_VARIABLE = YES;
				IPHONEOS_DEPLOYMENT_TARGET = 18.2;
				LOCALIZATION_PREFERS_STRING_CATALOGS = YES;
				MTL_ENABLE_DEBUG_INFO = INCLUDE_SOURCE;
				MTL_FAST_MATH = YES;
				ONLY_ACTIVE_ARCH = YES;
				SDKROOT = iphoneos;
				SWIFT_ACTIVE_COMPILATION_CONDITIONS = "DEBUG $(inherited)";
				SWIFT_OPTIMIZATION_LEVEL = "-Onone";
			};
			name = Debug;
		};
		9EA125312F92F3E800B964EF /* Release */ = {
			isa = XCBuildConfiguration;
			buildSettings = {
				ALWAYS_SEARCH_USER_PATHS = NO;
				ASSETCATALOG_COMPILER_GENERATE_SWIFT_ASSET_SYMBOL_EXTENSIONS = YES;
				CLANG_ANALYZER_NONNULL = YES;
				CLANG_ANALYZER_NUMBER_OBJECT_CONVERSION = YES_AGGRESSIVE;
				CLANG_CXX_LANGUAGE_STANDARD = "gnu++20";
				CLANG_ENABLE_MODULES = YES;
				CLANG_ENABLE_OBJC_ARC = YES;
				CLANG_ENABLE_OBJC_WEAK = YES;
				CLANG_WARN_BLOCK_CAPTURE_AUTORELEASING = YES;
				CLANG_WARN_BOOL_CONVERSION = YES;
				CLANG_WARN_COMMA = YES;
				CLANG_WARN_CONSTANT_CONVERSION = YES;
				CLANG_WARN_DEPRECATED_OBJC_IMPLEMENTATIONS = YES;
				CLANG_WARN_DIRECT_OBJC_ISA_USAGE = YES_ERROR;
				CLANG_WARN_DOCUMENTATION_COMMENTS = YES;
				CLANG_WARN_EMPTY_BODY = YES;
				CLANG_WARN_ENUM_CONVERSION = YES;
				CLANG_WARN_INFINITE_RECURSION = YES;
				CLANG_WARN_INT_CONVERSION = YES;
				CLANG_WARN_NON_LITERAL_NULL_CONVERSION = YES;
				CLANG_WARN_OBJC_IMPLICIT_RETAIN_SELF = YES;
				CLANG_WARN_OBJC_LITERAL_CONVERSION = YES;
				CLANG_WARN_OBJC_ROOT_CLASS = YES_ERROR;
				CLANG_WARN_QUOTED_INCLUDE_IN_FRAMEWORK_HEADER = YES;
				CLANG_WARN_RANGE_LOOP_ANALYSIS = YES;
				CLANG_WARN_STRICT_PROTOTYPES = YES;
				CLANG_WARN_SUSPICIOUS_MOVE = YES;
				CLANG_WARN_UNGUARDED_AVAILABILITY = YES_AGGRESSIVE;
				CLANG_WARN_UNREACHABLE_CODE = YES;
				CLANG_WARN__DUPLICATE_METHOD_MATCH = YES;
				COPY_PHASE_STRIP = NO;
				DEBUG_INFORMATION_FORMAT = "dwarf-with-dsym";
				ENABLE_NS_ASSERTIONS = NO;
				ENABLE_STRICT_OBJC_MSGSEND = YES;
				ENABLE_USER_SCRIPT_SANDBOXING = YES;
				GCC_C_LANGUAGE_STANDARD = gnu17;
				GCC_NO_COMMON_BLOCKS = YES;
				GCC_WARN_64_TO_32_BIT_CONVERSION = YES;
				GCC_WARN_ABOUT_RETURN_TYPE = YES_ERROR;
				GCC_WARN_UNDECLARED_SELECTOR = YES;
				GCC_WARN_UNINITIALIZED_AUTOS = YES_AGGRESSIVE;
				GCC_WARN_UNUSED_FUNCTION = YES;
				GCC_WARN_UNUSED_VARIABLE = YES;
				IPHONEOS_DEPLOYMENT_TARGET = 18.2;
				LOCALIZATION_PREFERS_STRING_CATALOGS = YES;
				MTL_ENABLE_DEBUG_INFO = NO;
				MTL_FAST_MATH = YES;
				SDKROOT = iphoneos;
				SWIFT_COMPILATION_MODE = wholemodule;
				VALIDATE_PRODUCT = YES;
			};
			name = Release;
		};
		9EA125332F92F3E800B964EF /* Debug */ = {
			isa = XCBuildConfiguration;
			buildSettings = {
				ASSETCATALOG_COMPILER_APPICON_NAME = AppIcon;
				ASSETCATALOG_COMPILER_GLOBAL_ACCENT_COLOR_NAME = AccentColor;
				CODE_SIGN_STYLE = Automatic;
				CURRENT_PROJECT_VERSION = 1;
				DEVELOPMENT_ASSET_PATHS = "\"SummerOlympics/Preview Content\"";
				ENABLE_PREVIEWS = YES;
				GENERATE_INFOPLIST_FILE = YES;
				INFOPLIST_FILE = SummerOlympics/Info.plist;
				INFOPLIST_KEY_UIApplicationSceneManifest_Generation = YES;
				INFOPLIST_KEY_UIApplicationSupportsIndirectInputEvents = YES;
				INFOPLIST_KEY_UISupportedInterfaceOrientations_iPad = "UIInterfaceOrientationPortrait UIInterfaceOrientationPortraitUpsideDown UIInterfaceOrientationLandscapeLeft UIInterfaceOrientationLandscapeRight";
				INFOPLIST_KEY_UISupportedInterfaceOrientations_iPhone = "UIInterfaceOrientationPortrait UIInterfaceOrientationLandscapeLeft UIInterfaceOrientationLandscapeRight";
				LD_RUNPATH_SEARCH_PATHS = (
					"$(inherited)",
					"@executable_path/Frameworks",
				);
				MARKETING_VERSION = 1.0;
				PRODUCT_BUNDLE_IDENTIFIER = eg.SummerOlympics;
				PRODUCT_NAME = "$(TARGET_NAME)";
				SWIFT_EMIT_LOC_STRINGS = YES;
				SWIFT_VERSION = 5.0;
				TARGETED_DEVICE_FAMILY = "1,2";
			};
			name = Debug;
		};
		9EA125342F92F3E800B964EF /* Release */ = {
			isa = XCBuildConfiguration;
			buildSettings = {
				ASSETCATALOG_COMPILER_APPICON_NAME = AppIcon;
				ASSETCATALOG_COMPILER_GLOBAL_ACCENT_COLOR_NAME = AccentColor;
				CODE_SIGN_STYLE = Automatic;
				CURRENT_PROJECT_VERSION = 1;
				DEVELOPMENT_ASSET_PATHS = "\"SummerOlympics/Preview Content\"";
				ENABLE_PREVIEWS = YES;
				GENERATE_INFOPLIST_FILE = YES;
				INFOPLIST_FILE = SummerOlympics/Info.plist;
				INFOPLIST_KEY_UIApplicationSceneManifest_Generation = YES;
				INFOPLIST_KEY_UIApplicationSupportsIndirectInputEvents = YES;
				INFOPLIST_KEY_UISupportedInterfaceOrientations_iPad = "UIInterfaceOrientationPortrait UIInterfaceOrientationPortraitUpsideDown UIInterfaceOrientationLandscapeLeft UIInterfaceOrientationLandscapeRight";
				INFOPLIST_KEY_UISupportedInterfaceOrientations_iPhone = "UIInterfaceOrientationPortrait UIInterfaceOrientationLandscapeLeft UIInterfaceOrientationLandscapeRight";
				LD_RUNPATH_SEARCH_PATHS = (
					"$(inherited)",
					"@executable_path/Frameworks",
				);
				MARKETING_VERSION = 1.0;
				PRODUCT_BUNDLE_IDENTIFIER = eg.SummerOlympics;
				PRODUCT_NAME = "$(TARGET_NAME)";
				SWIFT_EMIT_LOC_STRINGS = YES;
				SWIFT_VERSION = 5.0;
				TARGETED_DEVICE_FAMILY = "1,2";
			};
			name = Release;
		};
		9EA125362F92F3E800B964EF /* Debug */ = {
			isa = XCBuildConfiguration;
			buildSettings = {
				BUNDLE_LOADER = "$(TEST_HOST)";
				CODE_SIGN_STYLE = Automatic;
				CURRENT_PROJECT_VERSION = 1;
				GENERATE_INFOPLIST_FILE = YES;
				IPHONEOS_DEPLOYMENT_TARGET = 18.2;
				MARKETING_VERSION = 1.0;
				PRODUCT_BUNDLE_IDENTIFIER = eg.SummerOlympicsTests;
				PRODUCT_NAME = "$(TARGET_NAME)";
				SWIFT_EMIT_LOC_STRINGS = NO;
				SWIFT_VERSION = 5.0;
				TARGETED_DEVICE_FAMILY = "1,2";
				TEST_HOST = "$(BUILT_PRODUCTS_DIR)/SummerOlympics.app/$(BUNDLE_EXECUTABLE_FOLDER_PATH)/SummerOlympics";
			};
			name = Debug;
		};
		9EA125372F92F3E800B964EF /* Release */ = {
			isa = XCBuildConfiguration;
			buildSettings = {
				BUNDLE_LOADER = "$(TEST_HOST)";
				CODE_SIGN_STYLE = Automatic;
				CURRENT_PROJECT_VERSION = 1;
				GENERATE_INFOPLIST_FILE = YES;
				IPHONEOS_DEPLOYMENT_TARGET = 18.2;
				MARKETING_VERSION = 1.0;
				PRODUCT_BUNDLE_IDENTIFIER = eg.SummerOlympicsTests;
				PRODUCT_NAME = "$(TARGET_NAME)";
				SWIFT_EMIT_LOC_STRINGS = NO;
				SWIFT_VERSION = 5.0;
				TARGETED_DEVICE_FAMILY = "1,2";
				TEST_HOST = "$(BUILT_PRODUCTS_DIR)/SummerOlympics.app/$(BUNDLE_EXECUTABLE_FOLDER_PATH)/SummerOlympics";
			};
			name = Release;
		};
		9EA125392F92F3E800B964EF /* Debug */ = {
			isa = XCBuildConfiguration;
			buildSettings = {
				CODE_SIGN_STYLE = Automatic;
				CURRENT_PROJECT_VERSION = 1;
				GENERATE_INFOPLIST_FILE = YES;
				MARKETING_VERSION = 1.0;
				PRODUCT_BUNDLE_IDENTIFIER = eg.SummerOlympicsUITests;
				PRODUCT_NAME = "$(TARGET_NAME)";
				SWIFT_EMIT_LOC_STRINGS = NO;
				SWIFT_VERSION = 5.0;
				TARGETED_DEVICE_FAMILY = "1,2";
				TEST_TARGET_NAME = SummerOlympics;
			};
			name = Debug;
		};
		9EA1253A2F92F3E800B964EF /* Release */ = {
			isa = XCBuildConfiguration;
			buildSettings = {
				CODE_SIGN_STYLE = Automatic;
				CURRENT_PROJECT_VERSION = 1;
				GENERATE_INFOPLIST_FILE = YES;
				MARKETING_VERSION = 1.0;
				PRODUCT_BUNDLE_IDENTIFIER = eg.SummerOlympicsUITests;
				PRODUCT_NAME = "$(TARGET_NAME)";
				SWIFT_EMIT_LOC_STRINGS = NO;
				SWIFT_VERSION = 5.0;
				TARGETED_DEVICE_FAMILY = "1,2";
				TEST_TARGET_NAME = SummerOlympics;
			};
			name = Release;
		};
/* End XCBuildConfiguration section */

/* Begin XCConfigurationList section */
		9EA125092F92F3E600B964EF /* Build configuration list for PBXProject "SummerOlympics" */ = {
			isa = XCConfigurationList;
			buildConfigurations = (
				9EA125302F92F3E800B964EF /* Debug */,
				9EA125312F92F3E800B964EF /* Release */,
			);
			defaultConfigurationIsVisible = 0;
			defaultConfigurationName = Release;
		};
		9EA125322F92F3E800B964EF /* Build configuration list for PBXNativeTarget "SummerOlympics" */ = {
			isa = XCConfigurationList;
			buildConfigurations = (
				9EA125332F92F3E800B964EF /* Debug */,
				9EA125342F92F3E800B964EF /* Release */,
			);
			defaultConfigurationIsVisible = 0;
			defaultConfigurationName = Release;
		};
		9EA125352F92F3E800B964EF /* Build configuration list for PBXNativeTarget "SummerOlympicsTests" */ = {
			isa = XCConfigurationList;
			buildConfigurations = (
				9EA125362F92F3E800B964EF /* Debug */,
				9EA125372F92F3E800B964EF /* Release */,
			);
			defaultConfigurationIsVisible = 0;
			defaultConfigurationName = Release;
		};
		9EA125382F92F3E800B964EF /* Build configuration list for PBXNativeTarget "SummerOlympicsUITests" */ = {
			isa = XCConfigurationList;
			buildConfigurations = (
				9EA125392F92F3E800B964EF /* Debug */,
				9EA1253A2F92F3E800B964EF /* Release */,
			);
			defaultConfigurationIsVisible = 0;
			defaultConfigurationName = Release;
		};
/* End XCConfigurationList section */
	};
	rootObject = 9EA125062F92F3E600B964EF /* Project object */;
}
